PODS:
  - GLKitTutorial (0.0.7):
    - GLKitTutorial/0x01 (= 0.0.7)
    - GLKitTutorial/0x02 (= 0.0.7)
    - GLKitTutorial/0x03 (= 0.0.7)
    - GLKitTutorial/0x04 (= 0.0.7)
    - GLKitTutorial/0x05 (= 0.0.7)
    - GLKitTutorial/0x06 (= 0.0.7)
    - GLKitTutorial/0x07 (= 0.0.7)
  - GLKitTutorial/0x01 (0.0.7)
  - GLKitTutorial/0x02 (0.0.7)
  - GLKitTutorial/0x03 (0.0.7)
  - GLKitTutorial/0x04 (0.0.7)
  - GLKitTutorial/0x05 (0.0.7)
  - GLKitTutorial/0x06 (0.0.7)
  - GLKitTutorial/0x07 (0.0.7)

DEPENDENCIES:
  - GLKitTutorial (from `../`)

EXTERNAL SOURCES:
  GLKitTutorial:
    :path: "../"

SPEC CHECKSUMS:
  GLKitTutorial: d7a4494f5d98bc5dc8c7f0bea052c10a97b49377

PODFILE CHECKSUM: 76557803f225b0a5abfc0d74b6080282eb33e865

COCOAPODS: 1.9.1
