PODS:
  - GLKitTutorial (0.0.8):
    - GLKitTutorial/0x01 (= 0.0.8)
    - GLKitTutorial/0x02 (= 0.0.8)
    - GLKitTutorial/0x03 (= 0.0.8)
    - GLKitTutorial/0x04 (= 0.0.8)
    - GLKitTutorial/0x05 (= 0.0.8)
    - GLKitTutorial/0x06 (= 0.0.8)
    - GLKitTutorial/0x07 (= 0.0.8)
    - GLKitTutorial/0x08 (= 0.0.8)
  - GLKitTutorial/0x01 (0.0.8)
  - GLKitTutorial/0x02 (0.0.8)
  - GLKitTutorial/0x03 (0.0.8)
  - GLKitTutorial/0x04 (0.0.8)
  - GLKitTutorial/0x05 (0.0.8)
  - GLKitTutorial/0x06 (0.0.8)
  - GLKitTutorial/0x07 (0.0.8)
  - GLKitTutorial/0x08 (0.0.8)

DEPENDENCIES:
  - GLKitTutorial (from `../`)

EXTERNAL SOURCES:
  GLKitTutorial:
    :path: "../"

SPEC CHECKSUMS:
  GLKitTutorial: f76e52627ac384f810b1c0b7065671e1ab449f59

PODFILE CHECKSUM: 76557803f225b0a5abfc0d74b6080282eb33e865

COCOAPODS: 1.9.1
